
Microsoft Visual Studio Solution File, Format Version 11.00
# Visual Studio 2010
Project("{FAE04EC0-301F-11D3-BF4B-00C04F79EFBC}") = "ViewWeaver", "ViewWeaver\ViewWeaver.csproj", "{5D04BB7A-4E6C-4B70-9B63-8ACDAB8E0DB2}"
EndProject
Project("{FAE04EC0-301F-11D3-BF4B-00C04F79EFBC}") = "ViewWeaver.Specs", "ViewWeaver.Specs\ViewWeaver.Specs.csproj", "{AED9B5FA-2D11-41C5-9A88-F5C6F278263F}"
EndProject
Project("{2150E333-8FDC-42A3-9474-1A3956D46DE8}") = "Solution Items", "Solution Items", "{85111ADD-3FB3-4F25-840C-D6CE846CEFD9}"
	ProjectSection(SolutionItems) = preProject
		ViewWeaver.snk = ViewWeaver.snk
	EndProjectSection
EndProject
Global
	GlobalSection(SolutionConfigurationPlatforms) = preSolution
		Debug|Any CPU = Debug|Any CPU
		Release|Any CPU = Release|Any CPU
	EndGlobalSection
	GlobalSection(ProjectConfigurationPlatforms) = postSolution
		{5D04BB7A-4E6C-4B70-9B63-8ACDAB8E0DB2}.Debug|Any CPU.ActiveCfg = Debug|Any CPU
		{5D04BB7A-4E6C-4B70-9B63-8ACDAB8E0DB2}.Debug|Any CPU.Build.0 = Debug|Any CPU
		{5D04BB7A-4E6C-4B70-9B63-8ACDAB8E0DB2}.Release|Any CPU.ActiveCfg = Release|Any CPU
		{5D04BB7A-4E6C-4B70-9B63-8ACDAB8E0DB2}.Release|Any CPU.Build.0 = Release|Any CPU
		{AED9B5FA-2D11-41C5-9A88-F5C6F278263F}.Debug|Any CPU.ActiveCfg = Debug|Any CPU
		{AED9B5FA-2D11-41C5-9A88-F5C6F278263F}.Debug|Any CPU.Build.0 = Debug|Any CPU
		{AED9B5FA-2D11-41C5-9A88-F5C6F278263F}.Release|Any CPU.ActiveCfg = Release|Any CPU
		{AED9B5FA-2D11-41C5-9A88-F5C6F278263F}.Release|Any CPU.Build.0 = Release|Any CPU
	EndGlobalSection
	GlobalSection(SolutionProperties) = preSolution
		HideSolutionNode = FALSE
	EndGlobalSection
EndGlobal
